# This file was autogenerated by Stack.
# You should not edit this file by hand.
# For more information, please see the documentation at:
#   https://docs.haskellstack.org/en/stable/lock_files

packages:
- completed:
    name: prob-fx
    pantry-tree:
      sha256: f522828499873fdee988878ab4faf6834b4a822cda1343d7ac4450349939e6ad
      size: 2380
    sha256: 1dbb3953ad3f0881a5bbf42c8fce47ae002970fa4bf9b512322a33791f682dbb
    size: 930503
    url: https://github.com/min-nguyen/prob-fx/archive/7660c896bc5d2bda2229e93f1ec91052107a54d1.tar.gz
    version: 0.1.0.2
  original:
    url: https://github.com/min-nguyen/prob-fx/archive/7660c896bc5d2bda2229e93f1ec91052107a54d1.tar.gz
- completed:
    hackage: extensible-0.9@sha256:a93b7e55ccf0407915a2a60944b73577c50377f75de2c28d5a3acac96d231fcd,3344
    pantry-tree:
      sha256: aa0afe76b3c419438d09d173ac6080916d40bdcb6749dc2c7693983840a8f00e
      size: 2040
  original:
    hackage: extensible-0.9@sha256:a93b7e55ccf0407915a2a60944b73577c50377f75de2c28d5a3acac96d231fcd,3344
- completed:
    hackage: lens-5.1.1@sha256:c633a481e69bf911d9a6ed11ef156809db8b1d7c7d296fd03249b93be399e3a7,15015
    pantry-tree:
      sha256: 559bc8cd8f16036142724a98acfa4b05684368e615dd3ff02dd3c7600bd3822c
      size: 8214
  original:
    hackage: lens-5.1.1@sha256:c633a481e69bf911d9a6ed11ef156809db8b1d7c7d296fd03249b93be399e3a7,15015
- completed:
    hackage: membership-0.0.1@sha256:6c4d4ab6e3fb3253c6c670e8a63f74454dc91be50b9f292d0b1355792190aee5,999
    pantry-tree:
      sha256: b918a1a207108313b2bf453b0d9aa65122d9845c4b360c8ade46d3429ff1107a
      size: 408
  original:
    hackage: membership-0.0.1@sha256:6c4d4ab6e3fb3253c6c670e8a63f74454dc91be50b9f292d0b1355792190aee5,999
- completed:
    hackage: primitive-0.7.4.0@sha256:89b88a3e08493b7727fa4089b0692bfbdf7e1e666ef54635f458644eb8358764,2857
    pantry-tree:
      sha256: 71a850c658b70e869da19f61615d87d9d6ecec597f0e3d4b498da56559114829
      size: 1655
  original:
    hackage: primitive-0.7.4.0@sha256:89b88a3e08493b7727fa4089b0692bfbdf7e1e666ef54635f458644eb8358764,2857
- completed:
    hackage: incremental-0.3.1@sha256:9c697bae4f7e5ceb144bde13e03ca2f36b4bc2d0c92bbc02e0a604231ee279c2,1153
    pantry-tree:
      sha256: fd5f40352dbf1602babd2c5db2a120c26e57bbd5ad30b19ce24d04189f6a18d1
      size: 370
  original:
    hackage: incremental-0.3.1@sha256:9c697bae4f7e5ceb144bde13e03ca2f36b4bc2d0c92bbc02e0a604231ee279c2,1153
snapshots:
- completed:
    sha256: 0ced7f93245307212900d760c1322dfb527c4b902868c11ccac37f48b7d4ebb9
    size: 619200
    url: https://raw.githubusercontent.com/commercialhaskell/stackage-snapshots/master/lts/19/29.yaml
  original:
    url: https://raw.githubusercontent.com/commercialhaskell/stackage-snapshots/master/lts/19/29.yaml
